<?xml version="1.0" encoding="utf-8"?>
<Project ToolsVersion="4.0" xmlns="http://schemas.microsoft.com/developer/msbuild/2003">
  <ItemGroup>
    <ClCompile Include="Render\Camera.cpp">
      <Filter>Render</Filter>
    </ClCompile>
    <ClCompile Include="Render\Render.cpp">
      <Filter>Render</Filter>
    </ClCompile>
    <ClCompile Include="RenderUtils.cpp" />
    <ClCompile Include="main.cpp" />
    <ClCompile Include="callbacks.cpp" />
    <ClCompile Include="Particle.cpp">
      <Filter>Entities</Filter>
    </ClCompile>
    <ClCompile Include="Proyectile.cpp">
      <Filter>Entities</Filter>
    </ClCompile>
    <ClCompile Include="ParticleGenerator.cpp">
      <Filter>Generators</Filter>
    </ClCompile>
    <ClCompile Include="SistemaDeParticulas.cpp">
      <Filter>Generators</Filter>
    </ClCompile>
    <ClCompile Include="GaussianParticleGenerator.cpp">
      <Filter>Generators</Filter>
    </ClCompile>
    <ClCompile Include="UniformParticleGenerator.cpp">
      <Filter>Generators</Filter>
    </ClCompile>
    <ClCompile Include="CanonBall.cpp">
      <Filter>Entities</Filter>
    </ClCompile>
    <ClCompile Include="CircleParticleGenerator.cpp">
      <Filter>Generators</Filter>
    </ClCompile>
    <ClCompile Include="FireWork.cpp">
      <Filter>Entities</Filter>
    </ClCompile>
    <ClCompile Include="ForceGenerator.cpp" />
    <ClCompile Include="ParticleForceRegistry.cpp" />
    <ClCompile Include="GravityForceGenerator.cpp" />
  </ItemGroup>
  <ItemGroup>
    <ClInclude Include="core.hpp" />
    <ClInclude Include="Render\Camera.h">
      <Filter>Render</Filter>
    </ClInclude>
    <ClInclude Include="Render\Render.h">
      <Filter>Render</Filter>
    </ClInclude>
    <ClInclude Include="RenderUtils.hpp" />
    <ClInclude Include="callbacks.hpp" />
    <ClInclude Include="Particle.h">
      <Filter>Entities</Filter>
    </ClInclude>
    <ClInclude Include="Proyectile.h">
      <Filter>Entities</Filter>
    </ClInclude>
    <ClInclude Include="ParticleGenerator.h">
      <Filter>Generators</Filter>
    </ClInclude>
    <ClInclude Include="SistemaDeParticulas.h">
      <Filter>Generators</Filter>
    </ClInclude>
    <ClInclude Include="GaussianParticleGenerator.h">
      <Filter>Generators</Filter>
    </ClInclude>
    <ClInclude Include="UniformParticleGenerator.h">
      <Filter>Generators</Filter>
    </ClInclude>
    <ClInclude Include="CanonBall.h">
      <Filter>Entities</Filter>
    </ClInclude>
    <ClInclude Include="CircleParticleGenerator.h">
      <Filter>Generators</Filter>
    </ClInclude>
    <ClInclude Include="FireWork.h">
      <Filter>Entities</Filter>
    </ClInclude>
    <ClInclude Include="ForceGenerator.h" />
    <ClInclude Include="ParticleForceRegistry.h" />
    <ClInclude Include="GravityForceGenerator.h" />
  </ItemGroup>
  <ItemGroup>
    <Filter Include="Render">
      <UniqueIdentifier>{d04b4f9f-5a69-465e-8070-25c6d0bcd3c2}</UniqueIdentifier>
    </Filter>
    <Filter Include="Entities">
      <UniqueIdentifier>{e41111cb-69a3-472f-8ca3-9c2cfec0de40}</UniqueIdentifier>
    </Filter>
    <Filter Include="Generators">
      <UniqueIdentifier>{ef6ea033-5895-47d4-82bc-fb31e6c1cf1d}</UniqueIdentifier>
    </Filter>
  </ItemGroup>
</Project>